lockfileVersion: '9.0'

settings:
  autoInstallPeers: true
  excludeLinksFromLockfile: false

importers:

  .:
    dependencies:
      envalid:
        specifier: ^8.0.0
        version: 8.2.0
      teleproto:
        specifier: ^1.228.4
        version: 1.228.4
    devDependencies:
      '@types/node':
        specifier: ^24.0.7
        version: 24.13.2

packages:

  '@types/node@24.13.2':
    resolution: {integrity: sha512-fRa09kZTgu8o71KFcDjUFuc7F+dEbZYZmkI0mg5YBTRs0yMKjYHsq/c0urDKeDb+D5qVgXOdFcuu+DZPKOITwA==}

  big-integer@1.6.52:
    resolution: {integrity: sha512-QxD8cf2eVqJOOz63z6JIN9BzvVs/dlySa5HGSBH5xtR8dPteIRQnBxxKqkNTiT6jbDTF6jAfrd4oMcND9RGbQg==}
    engines: {node: '>=0.6'}

  envalid@8.2.0:
    resolution: {integrity: sha512-CkPvea95dwMYE1wnKX5mQXkOpiMs9O+ncv8NqZy+gW7FuzpUp06KTdUHb18xFG8CqQHmfmRqGLF5DuGaBWNrSw==}
    engines: {node: '>=18'}

  graceful-fs@4.2.11:
    resolution: {integrity: sha512-RbJ5/jmFcNNCcDV5o9eTnBLJ/HszWV0P73bc+Ff4nS/rJj+YaS6IGyiOL0VoBYX+l1Wrl3k63h/KrH+nhJ0XvQ==}

  imurmurhash@0.1.4:
    resolution: {integrity: sha512-JmXMZ6wuvDmLiHEml9ykzqO6lwFbof0GG4IkcGaENdCRDDmMVnny7s5HsIgHCbaq0w2MyPhDqkhTUgS2LU2PHA==}
    engines: {node: '>=0.8.19'}

  ip-address@10.2.0:
    resolution: {integrity: sha512-/+S6j4E9AHvW9SWMSEY9Xfy66O5PWvVEJ08O0y5JGyEKQpojb0K0GKpz/v5HJ/G0vi3D2sjGK78119oXZeE0qA==}
    engines: {node: '>= 12'}

  mime@3.0.0:
    resolution: {integrity: sha512-jSCU7/VB1loIWBZe14aEYHU/+1UMEHoaO7qxCOVJOw9GgH72VAWppxNcjU+x9a2k3GSIBXNKxXQFqRvvZ7vr3A==}
    engines: {node: '>=10.0.0'}
    hasBin: true

  node-localstorage@2.2.1:
    resolution: {integrity: sha512-vv8fJuOUCCvSPjDjBLlMqYMHob4aGjkmrkaE42/mZr0VT+ZAU10jRF8oTnX9+pgU9/vYJ8P7YT3Vd6ajkmzSCw==}
    engines: {node: '>=0.12'}

  slide@1.1.6:
    resolution: {integrity: sha512-NwrtjCg+lZoqhFU8fOwl4ay2ei8PaqCBOUV3/ektPY9trO1yQ1oXEfmHAhKArUVUr/hOHvy5f6AdP17dCM0zMw==}

  smart-buffer@4.2.0:
    resolution: {integrity: sha512-94hK0Hh8rPqQl2xXc3HsaBoOXKV20MToPkcXvwbISWLEs+64sBq5kFgn2kJDHb1Pry9yrP0dxrCI9RRci7RXKg==}
    engines: {node: '>= 6.0.0', npm: '>= 3.0.0'}

  socks@2.8.9:
    resolution: {integrity: sha512-LJhUYUvItdQ0LkJTmPeaEObWXAqFyfmP85x0tch/ez9cahmhlBBLbIqDFnvBnUJGagb0JbIQrkBs1wJ+yRYpEw==}
    engines: {node: '>= 10.0.0', npm: '>= 3.0.0'}

  store2@2.14.4:
    resolution: {integrity: sha512-srTItn1GOvyvOycgxjAnPA63FZNwy0PTyUBFMHRM+hVFltAeoh0LmNBz9SZqUS9mMqGk8rfyWyXn3GH5ReJ8Zw==}

  teleproto@1.228.4:
    resolution: {integrity: sha512-SgBC18pHbFCxAEZZZ3GZVMfZEbwd8k6yVR2a2mGPLYOIz7PVZ/vpVKeDZ0xntAtMRBUkrfJXC5IGq/PO+dU/BQ==}

  tslib@2.8.1:
    resolution: {integrity: sha512-oJFu94HQb+KVduSUQL7wnpmqnfmLsOA/nAh6b6EH0wCEoK0/mPeXU6c3wKDV83MkOuHPRHtSXKKU99IBazS/2w==}

  undici-types@7.18.2:
    resolution: {integrity: sha512-AsuCzffGHJybSaRrmr5eHr81mwJU3kjw6M+uprWvCXiNeN9SOGwQ3Jn8jb8m3Z6izVgknn1R0FTCEAP2QrLY/w==}

  write-file-atomic@1.3.4:
    resolution: {integrity: sha512-SdrHoC/yVBPpV0Xq/mUZQIpW2sWXAShb/V4pomcJXh92RuaO+f3UTWItiR3Px+pLnV2PvC2/bfn5cwr5X6Vfxw==}

snapshots:

  '@types/node@24.13.2':
    dependencies:
      undici-types: 7.18.2

  big-integer@1.6.52: {}

  envalid@8.2.0:
    dependencies:
      tslib: 2.8.1

  graceful-fs@4.2.11: {}

  imurmurhash@0.1.4: {}

  ip-address@10.2.0: {}

  mime@3.0.0: {}

  node-localstorage@2.2.1:
    dependencies:
      write-file-atomic: 1.3.4

  slide@1.1.6: {}

  smart-buffer@4.2.0: {}

  socks@2.8.9:
    dependencies:
      ip-address: 10.2.0
      smart-buffer: 4.2.0

  store2@2.14.4: {}

  teleproto@1.228.4:
    dependencies:
      big-integer: 1.6.52
      mime: 3.0.0
      node-localstorage: 2.2.1
      socks: 2.8.9
      store2: 2.14.4

  tslib@2.8.1: {}

  undici-types@7.18.2: {}

  write-file-atomic@1.3.4:
    dependencies:
      graceful-fs: 4.2.11
      imurmurhash: 0.1.4
      slide: 1.1.6
